
Microsoft Visual Studio Solution File, Format Version 12.00
# Visual Studio Version 16
VisualStudioVersion = 16.0.34931.43
MinimumVisualStudioVersion = 10.0.40219.1
Project("{8BC9CEB8-8B4A-11D0-8D11-00A0C91BC942}") = "OpenGL", "OpenGL\OpenGL.vcxproj", "{70562ACE-B2EA-481E-B670-63CE5AD0688B}"
EndProject
Global
	GlobalSection(SolutionConfigurationPlatforms) = preSolution
		Debug|x64 = Debug|x64
		Debug|x86 = Debug|x86
		Release|x64 = Release|x64
		Release|x86 = Release|x86
	EndGlobalSection
	GlobalSection(ProjectConfigurationPlatforms) = postSolution
		{70562ACE-B2EA-481E-B670-63CE5AD0688B}.Debug|x64.ActiveCfg = Debug|Win32
		{70562ACE-B2EA-481E-B670-63CE5AD0688B}.Debug|x64.Build.0 = Debug|Win32
		{70562ACE-B2EA-481E-B670-63CE5AD0688B}.Debug|x86.ActiveCfg = Debug|Win32
		{70562ACE-B2EA-481E-B670-63CE5AD0688B}.Debug|x86.Build.0 = Debug|Win32
		{70562ACE-B2EA-481E-B670-63CE5AD0688B}.Release|x64.ActiveCfg = Release|x64
		{70562ACE-B2EA-481E-B670-63CE5AD0688B}.Release|x64.Build.0 = Release|x64
		{70562ACE-B2EA-481E-B670-63CE5AD0688B}.Release|x86.ActiveCfg = Release|x64
		{70562ACE-B2EA-481E-B670-63CE5AD0688B}.Release|x86.Build.0 = Release|x64
	EndGlobalSection
	GlobalSection(SolutionProperties) = preSolution
		HideSolutionNode = FALSE
	EndGlobalSection
	GlobalSection(ExtensibilityGlobals) = postSolution
		SolutionGuid = {84143B04-4673-4EB5-9A2E-8102BA5B5CE9}
	EndGlobalSection
EndGlobal
